
Microsoft Visual Studio Solution File, Format Version 12.00
# Visual Studio 15
VisualStudioVersion = 15.0.27703.2026
MinimumVisualStudioVersion = 10.0.40219.1
Project("{9A19103F-16F7-4668-BE54-9A1E7A4F7556}") = "EventManagement", "EventManagement\EventManagement.csproj", "{0E0BF6F1-B18B-4976-A387-4FFD0F954706}"
EndProject
Project("{9A19103F-16F7-4668-BE54-9A1E7A4F7556}") = "EventBackend", "EventBackend\EventBackend.csproj", "{E1C843B0-FA87-410C-9355-6DB1344582C5}"
EndProject
Project("{9A19103F-16F7-4668-BE54-9A1E7A4F7556}") = "EventAuth", "EventAuth\EventAuth.csproj", "{4172820E-B9AD-4765-8237-005992CDF82D}"
EndProject
Project("{FAE04EC0-301F-11D3-BF4B-00C04F79EFBC}") = "HttpHelper", "HttpHelper\HttpHelper.csproj", "{FF03D278-A4C8-4666-865B-C62567D8F12E}"
EndProject
Project("{FAE04EC0-301F-11D3-BF4B-00C04F79EFBC}") = "HttpHelper.Tests", "HttpHelper.Tests\HttpHelper.Tests.csproj", "{49B36BD9-720A-4954-9649-FD15F6F49EBC}"
EndProject
Global
	GlobalSection(SolutionConfigurationPlatforms) = preSolution
		Debug|Any CPU = Debug|Any CPU
		Release|Any CPU = Release|Any CPU
	EndGlobalSection
	GlobalSection(ProjectConfigurationPlatforms) = postSolution
		{0E0BF6F1-B18B-4976-A387-4FFD0F954706}.Debug|Any CPU.ActiveCfg = Debug|Any CPU
		{0E0BF6F1-B18B-4976-A387-4FFD0F954706}.Debug|Any CPU.Build.0 = Debug|Any CPU
		{0E0BF6F1-B18B-4976-A387-4FFD0F954706}.Release|Any CPU.ActiveCfg = Release|Any CPU
		{0E0BF6F1-B18B-4976-A387-4FFD0F954706}.Release|Any CPU.Build.0 = Release|Any CPU
		{E1C843B0-FA87-410C-9355-6DB1344582C5}.Debug|Any CPU.ActiveCfg = Debug|Any CPU
		{E1C843B0-FA87-410C-9355-6DB1344582C5}.Debug|Any CPU.Build.0 = Debug|Any CPU
		{E1C843B0-FA87-410C-9355-6DB1344582C5}.Release|Any CPU.ActiveCfg = Release|Any CPU
		{E1C843B0-FA87-410C-9355-6DB1344582C5}.Release|Any CPU.Build.0 = Release|Any CPU
		{4172820E-B9AD-4765-8237-005992CDF82D}.Debug|Any CPU.ActiveCfg = Debug|Any CPU
		{4172820E-B9AD-4765-8237-005992CDF82D}.Debug|Any CPU.Build.0 = Debug|Any CPU
		{4172820E-B9AD-4765-8237-005992CDF82D}.Release|Any CPU.ActiveCfg = Release|Any CPU
		{4172820E-B9AD-4765-8237-005992CDF82D}.Release|Any CPU.Build.0 = Release|Any CPU
		{FF03D278-A4C8-4666-865B-C62567D8F12E}.Debug|Any CPU.ActiveCfg = Debug|Any CPU
		{FF03D278-A4C8-4666-865B-C62567D8F12E}.Debug|Any CPU.Build.0 = Debug|Any CPU
		{FF03D278-A4C8-4666-865B-C62567D8F12E}.Release|Any CPU.ActiveCfg = Release|Any CPU
		{FF03D278-A4C8-4666-865B-C62567D8F12E}.Release|Any CPU.Build.0 = Release|Any CPU
		{49B36BD9-720A-4954-9649-FD15F6F49EBC}.Debug|Any CPU.ActiveCfg = Debug|Any CPU
		{49B36BD9-720A-4954-9649-FD15F6F49EBC}.Debug|Any CPU.Build.0 = Debug|Any CPU
		{49B36BD9-720A-4954-9649-FD15F6F49EBC}.Release|Any CPU.ActiveCfg = Release|Any CPU
		{49B36BD9-720A-4954-9649-FD15F6F49EBC}.Release|Any CPU.Build.0 = Release|Any CPU
	EndGlobalSection
	GlobalSection(SolutionProperties) = preSolution
		HideSolutionNode = FALSE
	EndGlobalSection
	GlobalSection(ExtensibilityGlobals) = postSolution
		SolutionGuid = {3AB6B3A6-0D14-4926-A4E0-25D6227D9C03}
	EndGlobalSection
EndGlobal
